
Microsoft Visual Studio Solution File, Format Version 12.00
# 
Project("{2150E333-8FDC-42A3-9474-1A3956D46DE8}") = "Tests", "Tests", "{04041BC2-3877-47DB-BAA3-CA19171BBE84}"
EndProject
Project("{2150E333-8FDC-42A3-9474-1A3956D46DE8}") = "Integration", "Integration", "{0100F139-9D38-48C8-8471-F7498E9318B0}"
EndProject
Project("{2150E333-8FDC-42A3-9474-1A3956D46DE8}") = "Benchmarks", "Benchmarks", "{9B29CE6E-83CC-4D79-BB90-BC8A47309F3D}"
EndProject
Project("{FAE04EC0-301F-11D3-BF4B-00C04F79EFBC}") = "Serializer.Abstractions", "Serializer.Abstractions\Serializer.Abstractions.csproj", "{38E77D80-CBF6-424F-86BA-01618D129894}"
EndProject
Project("{FAE04EC0-301F-11D3-BF4B-00C04F79EFBC}") = "Serializer.Runtime", "Serializer.Runtime\Serializer.Runtime.csproj", "{A45F5E9E-3010-4E28-A637-18A555603386}"
EndProject
Project("{FAE04EC0-301F-11D3-BF4B-00C04F79EFBC}") = "Serializer.Generator", "Serializer.Generator\Serializer.Generator.csproj", "{76CA7BE2-E439-4599-9A63-1E29C5BBDD33}"
EndProject
Project("{FAE04EC0-301F-11D3-BF4B-00C04F79EFBC}") = "Serializer.Wire", "Serializer.Wire\Serializer.Wire.csproj", "{5FD7EBFC-1205-4710-8D81-3ACA9B02202B}"
EndProject
Project("{FAE04EC0-301F-11D3-BF4B-00C04F79EFBC}") = "Transport.Client", "Transport.Client\Transport.Client.csproj", "{E13CBE93-66F5-4531-9025-C1EEC00DDDCF}"
EndProject
Project("{FAE04EC0-301F-11D3-BF4B-00C04F79EFBC}") = "Transport.Server", "Transport.Server\Transport.Server.csproj", "{575C0A5A-2B06-4BF3-B5E7-CB019B6D048F}"
EndProject
Project("{FAE04EC0-301F-11D3-BF4B-00C04F79EFBC}") = "Unity.Package", "Unity.Package\Unity.Package.csproj", "{AF49BD86-2CEE-4506-8238-E707EB1B7371}"
EndProject
Project("{FAE04EC0-301F-11D3-BF4B-00C04F79EFBC}") = "Serializer.Generator.Tests", "Serializer.Generator.Tests\Serializer.Generator.Tests.csproj", "{DDB4EFD5-CC86-47C1-BB94-F5A9FED88E4D}"
EndProject
Project("{FAE04EC0-301F-11D3-BF4B-00C04F79EFBC}") = "Serializer.Runtime.Tests", "Serializer.Runtime.Tests\Serializer.Runtime.Tests.csproj", "{2D7FCA14-BC51-4544-A6AE-02A3FBD3A2A5}"
EndProject
Project("{FAE04EC0-301F-11D3-BF4B-00C04F79EFBC}") = "Serializer.Wire.Tests", "Serializer.Wire.Tests\Serializer.Wire.Tests.csproj", "{EFAF3332-C60A-4613-90BE-D0C3DE71CF2E}"
EndProject
Project("{FAE04EC0-301F-11D3-BF4B-00C04F79EFBC}") = "Transport.Client.Tests", "Transport.Client.Tests\Transport.Client.Tests.csproj", "{A442FD12-0129-4131-8FC1-C8D761A9B00F}"
EndProject
Project("{FAE04EC0-301F-11D3-BF4B-00C04F79EFBC}") = "Transport.Server.Tests", "Transport.Server.Tests\Transport.Server.Tests.csproj", "{673A9EE4-01D0-4BAB-A20F-194EE27FAA41}"
EndProject
Project("{FAE04EC0-301F-11D3-BF4B-00C04F79EFBC}") = "Integration.Tests", "Integration.Tests\Integration.Tests.csproj", "{BFE78D40-2EDD-4848-86C3-2DC9F7F59275}"
EndProject
Project("{FAE04EC0-301F-11D3-BF4B-00C04F79EFBC}") = "Benchmarks.Tests", "Benchmarks.Tests\Benchmarks.Tests.csproj", "{7A4335F3-2CE2-4CAD-91F0-99436D782113}"
EndProject
Project("{FAE04EC0-301F-11D3-BF4B-00C04F79EFBC}") = "Serializer.Abstractions.Tests", "Serializer.Abstractions.Tests\Serializer.Abstractions.Tests.csproj", "{8F301351-2A2D-4152-BCE3-FA52108AE0CC}"
EndProject
Project("{FAE04EC0-301F-11D3-BF4B-00C04F79EFBC}") = "Sample.Packets", "Sample.Packets\Sample.Packets.csproj", "{3535F74E-DF89-43E2-A835-C2F77D08B3E2}"
EndProject
Project("{FAE04EC0-301F-11D3-BF4B-00C04F79EFBC}") = "Test.RnsPackets", "Test.RnsPackets\Test.RnsPackets.csproj", "{3958D001-DBF4-40C2-9470-F8FA54E1863C}"
EndProject
Global
	GlobalSection(SolutionConfigurationPlatforms) = preSolution
		Debug|Any CPU = Debug|Any CPU
		Debug|x64 = Debug|x64
		Debug|x86 = Debug|x86
		Release|Any CPU = Release|Any CPU
		Release|x64 = Release|x64
		Release|x86 = Release|x86
	EndGlobalSection
	GlobalSection(ProjectConfigurationPlatforms) = postSolution
		{38E77D80-CBF6-424F-86BA-01618D129894}.Debug|Any CPU.ActiveCfg = Debug|Any CPU
		{38E77D80-CBF6-424F-86BA-01618D129894}.Debug|Any CPU.Build.0 = Debug|Any CPU
		{38E77D80-CBF6-424F-86BA-01618D129894}.Debug|x64.ActiveCfg = Debug|Any CPU
		{38E77D80-CBF6-424F-86BA-01618D129894}.Debug|x64.Build.0 = Debug|Any CPU
		{38E77D80-CBF6-424F-86BA-01618D129894}.Debug|x86.ActiveCfg = Debug|Any CPU
		{38E77D80-CBF6-424F-86BA-01618D129894}.Debug|x86.Build.0 = Debug|Any CPU
		{38E77D80-CBF6-424F-86BA-01618D129894}.Release|Any CPU.ActiveCfg = Release|Any CPU
		{38E77D80-CBF6-424F-86BA-01618D129894}.Release|Any CPU.Build.0 = Release|Any CPU
		{38E77D80-CBF6-424F-86BA-01618D129894}.Release|x64.ActiveCfg = Release|Any CPU
		{38E77D80-CBF6-424F-86BA-01618D129894}.Release|x64.Build.0 = Release|Any CPU
		{38E77D80-CBF6-424F-86BA-01618D129894}.Release|x86.ActiveCfg = Release|Any CPU
		{38E77D80-CBF6-424F-86BA-01618D129894}.Release|x86.Build.0 = Release|Any CPU
		{A45F5E9E-3010-4E28-A637-18A555603386}.Debug|Any CPU.ActiveCfg = Debug|Any CPU
		{A45F5E9E-3010-4E28-A637-18A555603386}.Debug|Any CPU.Build.0 = Debug|Any CPU
		{A45F5E9E-3010-4E28-A637-18A555603386}.Debug|x64.ActiveCfg = Debug|Any CPU
		{A45F5E9E-3010-4E28-A637-18A555603386}.Debug|x64.Build.0 = Debug|Any CPU
		{A45F5E9E-3010-4E28-A637-18A555603386}.Debug|x86.ActiveCfg = Debug|Any CPU
		{A45F5E9E-3010-4E28-A637-18A555603386}.Debug|x86.Build.0 = Debug|Any CPU
		{A45F5E9E-3010-4E28-A637-18A555603386}.Release|Any CPU.ActiveCfg = Release|Any CPU
		{A45F5E9E-3010-4E28-A637-18A555603386}.Release|Any CPU.Build.0 = Release|Any CPU
		{A45F5E9E-3010-4E28-A637-18A555603386}.Release|x64.ActiveCfg = Release|Any CPU
		{A45F5E9E-3010-4E28-A637-18A555603386}.Release|x64.Build.0 = Release|Any CPU
		{A45F5E9E-3010-4E28-A637-18A555603386}.Release|x86.ActiveCfg = Release|Any CPU
		{A45F5E9E-3010-4E28-A637-18A555603386}.Release|x86.Build.0 = Release|Any CPU
		{76CA7BE2-E439-4599-9A63-1E29C5BBDD33}.Debug|Any CPU.ActiveCfg = Debug|Any CPU
		{76CA7BE2-E439-4599-9A63-1E29C5BBDD33}.Debug|Any CPU.Build.0 = Debug|Any CPU
		{76CA7BE2-E439-4599-9A63-1E29C5BBDD33}.Debug|x64.ActiveCfg = Debug|Any CPU
		{76CA7BE2-E439-4599-9A63-1E29C5BBDD33}.Debug|x64.Build.0 = Debug|Any CPU
		{76CA7BE2-E439-4599-9A63-1E29C5BBDD33}.Debug|x86.ActiveCfg = Debug|Any CPU
		{76CA7BE2-E439-4599-9A63-1E29C5BBDD33}.Debug|x86.Build.0 = Debug|Any CPU
		{76CA7BE2-E439-4599-9A63-1E29C5BBDD33}.Release|Any CPU.ActiveCfg = Release|Any CPU
		{76CA7BE2-E439-4599-9A63-1E29C5BBDD33}.Release|Any CPU.Build.0 = Release|Any CPU
		{76CA7BE2-E439-4599-9A63-1E29C5BBDD33}.Release|x64.ActiveCfg = Release|Any CPU
		{76CA7BE2-E439-4599-9A63-1E29C5BBDD33}.Release|x64.Build.0 = Release|Any CPU
		{76CA7BE2-E439-4599-9A63-1E29C5BBDD33}.Release|x86.ActiveCfg = Release|Any CPU
		{76CA7BE2-E439-4599-9A63-1E29C5BBDD33}.Release|x86.Build.0 = Release|Any CPU
		{5FD7EBFC-1205-4710-8D81-3ACA9B02202B}.Debug|Any CPU.ActiveCfg = Debug|Any CPU
		{5FD7EBFC-1205-4710-8D81-3ACA9B02202B}.Debug|Any CPU.Build.0 = Debug|Any CPU
		{5FD7EBFC-1205-4710-8D81-3ACA9B02202B}.Debug|x64.ActiveCfg = Debug|Any CPU
		{5FD7EBFC-1205-4710-8D81-3ACA9B02202B}.Debug|x64.Build.0 = Debug|Any CPU
		{5FD7EBFC-1205-4710-8D81-3ACA9B02202B}.Debug|x86.ActiveCfg = Debug|Any CPU
		{5FD7EBFC-1205-4710-8D81-3ACA9B02202B}.Debug|x86.Build.0 = Debug|Any CPU
		{5FD7EBFC-1205-4710-8D81-3ACA9B02202B}.Release|Any CPU.ActiveCfg = Release|Any CPU
		{5FD7EBFC-1205-4710-8D81-3ACA9B02202B}.Release|Any CPU.Build.0 = Release|Any CPU
		{5FD7EBFC-1205-4710-8D81-3ACA9B02202B}.Release|x64.ActiveCfg = Release|Any CPU
		{5FD7EBFC-1205-4710-8D81-3ACA9B02202B}.Release|x64.Build.0 = Release|Any CPU
		{5FD7EBFC-1205-4710-8D81-3ACA9B02202B}.Release|x86.ActiveCfg = Release|Any CPU
		{5FD7EBFC-1205-4710-8D81-3ACA9B02202B}.Release|x86.Build.0 = Release|Any CPU
		{E13CBE93-66F5-4531-9025-C1EEC00DDDCF}.Debug|Any CPU.ActiveCfg = Debug|Any CPU
		{E13CBE93-66F5-4531-9025-C1EEC00DDDCF}.Debug|Any CPU.Build.0 = Debug|Any CPU
		{E13CBE93-66F5-4531-9025-C1EEC00DDDCF}.Debug|x64.ActiveCfg = Debug|Any CPU
		{E13CBE93-66F5-4531-9025-C1EEC00DDDCF}.Debug|x64.Build.0 = Debug|Any CPU
		{E13CBE93-66F5-4531-9025-C1EEC00DDDCF}.Debug|x86.ActiveCfg = Debug|Any CPU
		{E13CBE93-66F5-4531-9025-C1EEC00DDDCF}.Debug|x86.Build.0 = Debug|Any CPU
		{E13CBE93-66F5-4531-9025-C1EEC00DDDCF}.Release|Any CPU.ActiveCfg = Release|Any CPU
		{E13CBE93-66F5-4531-9025-C1EEC00DDDCF}.Release|Any CPU.Build.0 = Release|Any CPU
		{E13CBE93-66F5-4531-9025-C1EEC00DDDCF}.Release|x64.ActiveCfg = Release|Any CPU
		{E13CBE93-66F5-4531-9025-C1EEC00DDDCF}.Release|x64.Build.0 = Release|Any CPU
		{E13CBE93-66F5-4531-9025-C1EEC00DDDCF}.Release|x86.ActiveCfg = Release|Any CPU
		{E13CBE93-66F5-4531-9025-C1EEC00DDDCF}.Release|x86.Build.0 = Release|Any CPU
		{575C0A5A-2B06-4BF3-B5E7-CB019B6D048F}.Debug|Any CPU.ActiveCfg = Debug|Any CPU
		{575C0A5A-2B06-4BF3-B5E7-CB019B6D048F}.Debug|Any CPU.Build.0 = Debug|Any CPU
		{575C0A5A-2B06-4BF3-B5E7-CB019B6D048F}.Debug|x64.ActiveCfg = Debug|Any CPU
		{575C0A5A-2B06-4BF3-B5E7-CB019B6D048F}.Debug|x64.Build.0 = Debug|Any CPU
		{575C0A5A-2B06-4BF3-B5E7-CB019B6D048F}.Debug|x86.ActiveCfg = Debug|Any CPU
		{575C0A5A-2B06-4BF3-B5E7-CB019B6D048F}.Debug|x86.Build.0 = Debug|Any CPU
		{575C0A5A-2B06-4BF3-B5E7-CB019B6D048F}.Release|Any CPU.ActiveCfg = Release|Any CPU
		{575C0A5A-2B06-4BF3-B5E7-CB019B6D048F}.Release|Any CPU.Build.0 = Release|Any CPU
		{575C0A5A-2B06-4BF3-B5E7-CB019B6D048F}.Release|x64.ActiveCfg = Release|Any CPU
		{575C0A5A-2B06-4BF3-B5E7-CB019B6D048F}.Release|x64.Build.0 = Release|Any CPU
		{575C0A5A-2B06-4BF3-B5E7-CB019B6D048F}.Release|x86.ActiveCfg = Release|Any CPU
		{575C0A5A-2B06-4BF3-B5E7-CB019B6D048F}.Release|x86.Build.0 = Release|Any CPU
		{AF49BD86-2CEE-4506-8238-E707EB1B7371}.Debug|Any CPU.ActiveCfg = Debug|Any CPU
		{AF49BD86-2CEE-4506-8238-E707EB1B7371}.Debug|Any CPU.Build.0 = Debug|Any CPU
		{AF49BD86-2CEE-4506-8238-E707EB1B7371}.Debug|x64.ActiveCfg = Debug|Any CPU
		{AF49BD86-2CEE-4506-8238-E707EB1B7371}.Debug|x64.Build.0 = Debug|Any CPU
		{AF49BD86-2CEE-4506-8238-E707EB1B7371}.Debug|x86.ActiveCfg = Debug|Any CPU
		{AF49BD86-2CEE-4506-8238-E707EB1B7371}.Debug|x86.Build.0 = Debug|Any CPU
		{AF49BD86-2CEE-4506-8238-E707EB1B7371}.Release|Any CPU.ActiveCfg = Release|Any CPU
		{AF49BD86-2CEE-4506-8238-E707EB1B7371}.Release|Any CPU.Build.0 = Release|Any CPU
		{AF49BD86-2CEE-4506-8238-E707EB1B7371}.Release|x64.ActiveCfg = Release|Any CPU
		{AF49BD86-2CEE-4506-8238-E707EB1B7371}.Release|x64.Build.0 = Release|Any CPU
		{AF49BD86-2CEE-4506-8238-E707EB1B7371}.Release|x86.ActiveCfg = Release|Any CPU
		{AF49BD86-2CEE-4506-8238-E707EB1B7371}.Release|x86.Build.0 = Release|Any CPU
		{DDB4EFD5-CC86-47C1-BB94-F5A9FED88E4D}.Debug|Any CPU.ActiveCfg = Debug|Any CPU
		{DDB4EFD5-CC86-47C1-BB94-F5A9FED88E4D}.Debug|Any CPU.Build.0 = Debug|Any CPU
		{DDB4EFD5-CC86-47C1-BB94-F5A9FED88E4D}.Debug|x64.ActiveCfg = Debug|Any CPU
		{DDB4EFD5-CC86-47C1-BB94-F5A9FED88E4D}.Debug|x64.Build.0 = Debug|Any CPU
		{DDB4EFD5-CC86-47C1-BB94-F5A9FED88E4D}.Debug|x86.ActiveCfg = Debug|Any CPU
		{DDB4EFD5-CC86-47C1-BB94-F5A9FED88E4D}.Debug|x86.Build.0 = Debug|Any CPU
		{DDB4EFD5-CC86-47C1-BB94-F5A9FED88E4D}.Release|Any CPU.ActiveCfg = Release|Any CPU
		{DDB4EFD5-CC86-47C1-BB94-F5A9FED88E4D}.Release|Any CPU.Build.0 = Release|Any CPU
		{DDB4EFD5-CC86-47C1-BB94-F5A9FED88E4D}.Release|x64.ActiveCfg = Release|Any CPU
		{DDB4EFD5-CC86-47C1-BB94-F5A9FED88E4D}.Release|x64.Build.0 = Release|Any CPU
		{DDB4EFD5-CC86-47C1-BB94-F5A9FED88E4D}.Release|x86.ActiveCfg = Release|Any CPU
		{DDB4EFD5-CC86-47C1-BB94-F5A9FED88E4D}.Release|x86.Build.0 = Release|Any CPU
		{2D7FCA14-BC51-4544-A6AE-02A3FBD3A2A5}.Debug|Any CPU.ActiveCfg = Debug|Any CPU
		{2D7FCA14-BC51-4544-A6AE-02A3FBD3A2A5}.Debug|Any CPU.Build.0 = Debug|Any CPU
		{2D7FCA14-BC51-4544-A6AE-02A3FBD3A2A5}.Debug|x64.ActiveCfg = Debug|Any CPU
		{2D7FCA14-BC51-4544-A6AE-02A3FBD3A2A5}.Debug|x64.Build.0 = Debug|Any CPU
		{2D7FCA14-BC51-4544-A6AE-02A3FBD3A2A5}.Debug|x86.ActiveCfg = Debug|Any CPU
		{2D7FCA14-BC51-4544-A6AE-02A3FBD3A2A5}.Debug|x86.Build.0 = Debug|Any CPU
		{2D7FCA14-BC51-4544-A6AE-02A3FBD3A2A5}.Release|Any CPU.ActiveCfg = Release|Any CPU
		{2D7FCA14-BC51-4544-A6AE-02A3FBD3A2A5}.Release|Any CPU.Build.0 = Release|Any CPU
		{2D7FCA14-BC51-4544-A6AE-02A3FBD3A2A5}.Release|x64.ActiveCfg = Release|Any CPU
		{2D7FCA14-BC51-4544-A6AE-02A3FBD3A2A5}.Release|x64.Build.0 = Release|Any CPU
		{2D7FCA14-BC51-4544-A6AE-02A3FBD3A2A5}.Release|x86.ActiveCfg = Release|Any CPU
		{2D7FCA14-BC51-4544-A6AE-02A3FBD3A2A5}.Release|x86.Build.0 = Release|Any CPU
		{EFAF3332-C60A-4613-90BE-D0C3DE71CF2E}.Debug|Any CPU.ActiveCfg = Debug|Any CPU
		{EFAF3332-C60A-4613-90BE-D0C3DE71CF2E}.Debug|Any CPU.Build.0 = Debug|Any CPU
		{EFAF3332-C60A-4613-90BE-D0C3DE71CF2E}.Debug|x64.ActiveCfg = Debug|Any CPU
		{EFAF3332-C60A-4613-90BE-D0C3DE71CF2E}.Debug|x64.Build.0 = Debug|Any CPU
		{EFAF3332-C60A-4613-90BE-D0C3DE71CF2E}.Debug|x86.ActiveCfg = Debug|Any CPU
		{EFAF3332-C60A-4613-90BE-D0C3DE71CF2E}.Debug|x86.Build.0 = Debug|Any CPU
		{EFAF3332-C60A-4613-90BE-D0C3DE71CF2E}.Release|Any CPU.ActiveCfg = Release|Any CPU
		{EFAF3332-C60A-4613-90BE-D0C3DE71CF2E}.Release|Any CPU.Build.0 = Release|Any CPU
		{EFAF3332-C60A-4613-90BE-D0C3DE71CF2E}.Release|x64.ActiveCfg = Release|Any CPU
		{EFAF3332-C60A-4613-90BE-D0C3DE71CF2E}.Release|x64.Build.0 = Release|Any CPU
		{EFAF3332-C60A-4613-90BE-D0C3DE71CF2E}.Release|x86.ActiveCfg = Release|Any CPU
		{EFAF3332-C60A-4613-90BE-D0C3DE71CF2E}.Release|x86.Build.0 = Release|Any CPU
		{A442FD12-0129-4131-8FC1-C8D761A9B00F}.Debug|Any CPU.ActiveCfg = Debug|Any CPU
		{A442FD12-0129-4131-8FC1-C8D761A9B00F}.Debug|Any CPU.Build.0 = Debug|Any CPU
		{A442FD12-0129-4131-8FC1-C8D761A9B00F}.Debug|x64.ActiveCfg = Debug|Any CPU
		{A442FD12-0129-4131-8FC1-C8D761A9B00F}.Debug|x64.Build.0 = Debug|Any CPU
		{A442FD12-0129-4131-8FC1-C8D761A9B00F}.Debug|x86.ActiveCfg = Debug|Any CPU
		{A442FD12-0129-4131-8FC1-C8D761A9B00F}.Debug|x86.Build.0 = Debug|Any CPU
		{A442FD12-0129-4131-8FC1-C8D761A9B00F}.Release|Any CPU.ActiveCfg = Release|Any CPU
		{A442FD12-0129-4131-8FC1-C8D761A9B00F}.Release|Any CPU.Build.0 = Release|Any CPU
		{A442FD12-0129-4131-8FC1-C8D761A9B00F}.Release|x64.ActiveCfg = Release|Any CPU
		{A442FD12-0129-4131-8FC1-C8D761A9B00F}.Release|x64.Build.0 = Release|Any CPU
		{A442FD12-0129-4131-8FC1-C8D761A9B00F}.Release|x86.ActiveCfg = Release|Any CPU
		{A442FD12-0129-4131-8FC1-C8D761A9B00F}.Release|x86.Build.0 = Release|Any CPU
		{673A9EE4-01D0-4BAB-A20F-194EE27FAA41}.Debug|Any CPU.ActiveCfg = Debug|Any CPU
		{673A9EE4-01D0-4BAB-A20F-194EE27FAA41}.Debug|Any CPU.Build.0 = Debug|Any CPU
		{673A9EE4-01D0-4BAB-A20F-194EE27FAA41}.Debug|x64.ActiveCfg = Debug|Any CPU
		{673A9EE4-01D0-4BAB-A20F-194EE27FAA41}.Debug|x64.Build.0 = Debug|Any CPU
		{673A9EE4-01D0-4BAB-A20F-194EE27FAA41}.Debug|x86.ActiveCfg = Debug|Any CPU
		{673A9EE4-01D0-4BAB-A20F-194EE27FAA41}.Debug|x86.Build.0 = Debug|Any CPU
		{673A9EE4-01D0-4BAB-A20F-194EE27FAA41}.Release|Any CPU.ActiveCfg = Release|Any CPU
		{673A9EE4-01D0-4BAB-A20F-194EE27FAA41}.Release|Any CPU.Build.0 = Release|Any CPU
		{673A9EE4-01D0-4BAB-A20F-194EE27FAA41}.Release|x64.ActiveCfg = Release|Any CPU
		{673A9EE4-01D0-4BAB-A20F-194EE27FAA41}.Release|x64.Build.0 = Release|Any CPU
		{673A9EE4-01D0-4BAB-A20F-194EE27FAA41}.Release|x86.ActiveCfg = Release|Any CPU
		{673A9EE4-01D0-4BAB-A20F-194EE27FAA41}.Release|x86.Build.0 = Release|Any CPU
		{BFE78D40-2EDD-4848-86C3-2DC9F7F59275}.Debug|Any CPU.ActiveCfg = Debug|Any CPU
		{BFE78D40-2EDD-4848-86C3-2DC9F7F59275}.Debug|Any CPU.Build.0 = Debug|Any CPU
		{BFE78D40-2EDD-4848-86C3-2DC9F7F59275}.Debug|x64.ActiveCfg = Debug|Any CPU
		{BFE78D40-2EDD-4848-86C3-2DC9F7F59275}.Debug|x64.Build.0 = Debug|Any CPU
		{BFE78D40-2EDD-4848-86C3-2DC9F7F59275}.Debug|x86.ActiveCfg = Debug|Any CPU
		{BFE78D40-2EDD-4848-86C3-2DC9F7F59275}.Debug|x86.Build.0 = Debug|Any CPU
		{BFE78D40-2EDD-4848-86C3-2DC9F7F59275}.Release|Any CPU.ActiveCfg = Release|Any CPU
		{BFE78D40-2EDD-4848-86C3-2DC9F7F59275}.Release|Any CPU.Build.0 = Release|Any CPU
		{BFE78D40-2EDD-4848-86C3-2DC9F7F59275}.Release|x64.ActiveCfg = Release|Any CPU
		{BFE78D40-2EDD-4848-86C3-2DC9F7F59275}.Release|x64.Build.0 = Release|Any CPU
		{BFE78D40-2EDD-4848-86C3-2DC9F7F59275}.Release|x86.ActiveCfg = Release|Any CPU
		{BFE78D40-2EDD-4848-86C3-2DC9F7F59275}.Release|x86.Build.0 = Release|Any CPU
		{7A4335F3-2CE2-4CAD-91F0-99436D782113}.Debug|Any CPU.ActiveCfg = Debug|Any CPU
		{7A4335F3-2CE2-4CAD-91F0-99436D782113}.Debug|Any CPU.Build.0 = Debug|Any CPU
		{7A4335F3-2CE2-4CAD-91F0-99436D782113}.Debug|x64.ActiveCfg = Debug|Any CPU
		{7A4335F3-2CE2-4CAD-91F0-99436D782113}.Debug|x64.Build.0 = Debug|Any CPU
		{7A4335F3-2CE2-4CAD-91F0-99436D782113}.Debug|x86.ActiveCfg = Debug|Any CPU
		{7A4335F3-2CE2-4CAD-91F0-99436D782113}.Debug|x86.Build.0 = Debug|Any CPU
		{7A4335F3-2CE2-4CAD-91F0-99436D782113}.Release|Any CPU.ActiveCfg = Release|Any CPU
		{7A4335F3-2CE2-4CAD-91F0-99436D782113}.Release|Any CPU.Build.0 = Release|Any CPU
		{7A4335F3-2CE2-4CAD-91F0-99436D782113}.Release|x64.ActiveCfg = Release|Any CPU
		{7A4335F3-2CE2-4CAD-91F0-99436D782113}.Release|x64.Build.0 = Release|Any CPU
		{7A4335F3-2CE2-4CAD-91F0-99436D782113}.Release|x86.ActiveCfg = Release|Any CPU
		{7A4335F3-2CE2-4CAD-91F0-99436D782113}.Release|x86.Build.0 = Release|Any CPU
		{8F301351-2A2D-4152-BCE3-FA52108AE0CC}.Debug|Any CPU.ActiveCfg = Debug|Any CPU
		{8F301351-2A2D-4152-BCE3-FA52108AE0CC}.Debug|Any CPU.Build.0 = Debug|Any CPU
		{8F301351-2A2D-4152-BCE3-FA52108AE0CC}.Debug|x64.ActiveCfg = Debug|Any CPU
		{8F301351-2A2D-4152-BCE3-FA52108AE0CC}.Debug|x64.Build.0 = Debug|Any CPU
		{8F301351-2A2D-4152-BCE3-FA52108AE0CC}.Debug|x86.ActiveCfg = Debug|Any CPU
		{8F301351-2A2D-4152-BCE3-FA52108AE0CC}.Debug|x86.Build.0 = Debug|Any CPU
		{8F301351-2A2D-4152-BCE3-FA52108AE0CC}.Release|Any CPU.ActiveCfg = Release|Any CPU
		{8F301351-2A2D-4152-BCE3-FA52108AE0CC}.Release|Any CPU.Build.0 = Release|Any CPU
		{8F301351-2A2D-4152-BCE3-FA52108AE0CC}.Release|x64.ActiveCfg = Release|Any CPU
		{8F301351-2A2D-4152-BCE3-FA52108AE0CC}.Release|x64.Build.0 = Release|Any CPU
		{8F301351-2A2D-4152-BCE3-FA52108AE0CC}.Release|x86.ActiveCfg = Release|Any CPU
		{8F301351-2A2D-4152-BCE3-FA52108AE0CC}.Release|x86.Build.0 = Release|Any CPU
		{3535F74E-DF89-43E2-A835-C2F77D08B3E2}.Debug|Any CPU.ActiveCfg = Debug|Any CPU
		{3535F74E-DF89-43E2-A835-C2F77D08B3E2}.Debug|Any CPU.Build.0 = Debug|Any CPU
		{3535F74E-DF89-43E2-A835-C2F77D08B3E2}.Debug|x64.ActiveCfg = Debug|Any CPU
		{3535F74E-DF89-43E2-A835-C2F77D08B3E2}.Debug|x64.Build.0 = Debug|Any CPU
		{3535F74E-DF89-43E2-A835-C2F77D08B3E2}.Debug|x86.ActiveCfg = Debug|Any CPU
		{3535F74E-DF89-43E2-A835-C2F77D08B3E2}.Debug|x86.Build.0 = Debug|Any CPU
		{3535F74E-DF89-43E2-A835-C2F77D08B3E2}.Release|Any CPU.ActiveCfg = Release|Any CPU
		{3535F74E-DF89-43E2-A835-C2F77D08B3E2}.Release|Any CPU.Build.0 = Release|Any CPU
		{3535F74E-DF89-43E2-A835-C2F77D08B3E2}.Release|x64.ActiveCfg = Release|Any CPU
		{3535F74E-DF89-43E2-A835-C2F77D08B3E2}.Release|x64.Build.0 = Release|Any CPU
		{3535F74E-DF89-43E2-A835-C2F77D08B3E2}.Release|x86.ActiveCfg = Release|Any CPU
		{3535F74E-DF89-43E2-A835-C2F77D08B3E2}.Release|x86.Build.0 = Release|Any CPU
		{3958D001-DBF4-40C2-9470-F8FA54E1863C}.Debug|Any CPU.ActiveCfg = Debug|Any CPU
		{3958D001-DBF4-40C2-9470-F8FA54E1863C}.Debug|Any CPU.Build.0 = Debug|Any CPU
		{3958D001-DBF4-40C2-9470-F8FA54E1863C}.Debug|x64.ActiveCfg = Debug|Any CPU
		{3958D001-DBF4-40C2-9470-F8FA54E1863C}.Debug|x64.Build.0 = Debug|Any CPU
		{3958D001-DBF4-40C2-9470-F8FA54E1863C}.Debug|x86.ActiveCfg = Debug|Any CPU
		{3958D001-DBF4-40C2-9470-F8FA54E1863C}.Debug|x86.Build.0 = Debug|Any CPU
		{3958D001-DBF4-40C2-9470-F8FA54E1863C}.Release|Any CPU.ActiveCfg = Release|Any CPU
		{3958D001-DBF4-40C2-9470-F8FA54E1863C}.Release|Any CPU.Build.0 = Release|Any CPU
		{3958D001-DBF4-40C2-9470-F8FA54E1863C}.Release|x64.ActiveCfg = Release|Any CPU
		{3958D001-DBF4-40C2-9470-F8FA54E1863C}.Release|x64.Build.0 = Release|Any CPU
		{3958D001-DBF4-40C2-9470-F8FA54E1863C}.Release|x86.ActiveCfg = Release|Any CPU
		{3958D001-DBF4-40C2-9470-F8FA54E1863C}.Release|x86.Build.0 = Release|Any CPU
	EndGlobalSection
	GlobalSection(SolutionProperties) = preSolution
		HideSolutionNode = FALSE
	EndGlobalSection
	GlobalSection(NestedProjects) = preSolution
		{0100F139-9D38-48C8-8471-F7498E9318B0} = {04041BC2-3877-47DB-BAA3-CA19171BBE84}
		{9B29CE6E-83CC-4D79-BB90-BC8A47309F3D} = {04041BC2-3877-47DB-BAA3-CA19171BBE84}
		{DDB4EFD5-CC86-47C1-BB94-F5A9FED88E4D} = {04041BC2-3877-47DB-BAA3-CA19171BBE84}
		{2D7FCA14-BC51-4544-A6AE-02A3FBD3A2A5} = {04041BC2-3877-47DB-BAA3-CA19171BBE84}
		{EFAF3332-C60A-4613-90BE-D0C3DE71CF2E} = {04041BC2-3877-47DB-BAA3-CA19171BBE84}
		{A442FD12-0129-4131-8FC1-C8D761A9B00F} = {04041BC2-3877-47DB-BAA3-CA19171BBE84}
		{673A9EE4-01D0-4BAB-A20F-194EE27FAA41} = {04041BC2-3877-47DB-BAA3-CA19171BBE84}
		{BFE78D40-2EDD-4848-86C3-2DC9F7F59275} = {0100F139-9D38-48C8-8471-F7498E9318B0}
		{7A4335F3-2CE2-4CAD-91F0-99436D782113} = {9B29CE6E-83CC-4D79-BB90-BC8A47309F3D}
		{8F301351-2A2D-4152-BCE3-FA52108AE0CC} = {04041BC2-3877-47DB-BAA3-CA19171BBE84}
	EndGlobalSection
EndGlobal
